
Microsoft Visual Studio Solution File, Format Version 12.00
# Visual Studio Version 17
VisualStudioVersion = 17.0.32014.148
MinimumVisualStudioVersion = 10.0.40219.1
Project("{FAE04EC0-301F-11D3-BF4B-00C04F79EFBC}") = "VehiclesApp", "VehiclesApp.csproj", "{DBEECCD5-C16F-4F27-8F84-BAE995853CD4}"
EndProject
Global
	GlobalSection(SolutionConfigurationPlatforms) = preSolution
		Debug|Any CPU = Debug|Any CPU
		Release|Any CPU = Release|Any CPU
	EndGlobalSection
	GlobalSection(ProjectConfigurationPlatforms) = postSolution
		{DBEECCD5-C16F-4F27-8F84-BAE995853CD4}.Debug|Any CPU.ActiveCfg = Debug|Any CPU
		{DBEECCD5-C16F-4F27-8F84-BAE995853CD4}.Debug|Any CPU.Build.0 = Debug|Any CPU
		{DBEECCD5-C16F-4F27-8F84-BAE995853CD4}.Release|Any CPU.ActiveCfg = Release|Any CPU
		{DBEECCD5-C16F-4F27-8F84-BAE995853CD4}.Release|Any CPU.Build.0 = Release|Any CPU
	EndGlobalSection
	GlobalSection(SolutionProperties) = preSolution
		HideSolutionNode = FALSE
	EndGlobalSection
	GlobalSection(ExtensibilityGlobals) = postSolution
		SolutionGuid = {B3A98ADE-AF6B-4037-B9DF-DE7CE80E41B6}
	EndGlobalSection
EndGlobal
